
Microsoft Visual Studio Solution File, Format Version 12.00
# Visual Studio 14
VisualStudioVersion = 14.0.25420.1
MinimumVisualStudioVersion = 10.0.40219.1
Project("{FAE04EC0-301F-11D3-BF4B-00C04F79EFBC}") = "Ayadi.Core", "Ayadi.Core\Ayadi.Core.csproj", "{58F842EF-E4C5-4265-A229-612218036204}"
EndProject
Project("{FAE04EC0-301F-11D3-BF4B-00C04F79EFBC}") = "Tomoor.Droid", "Tomoor.Droid\Tomoor.Droid.csproj", "{BF3678AD-9FE9-4379-A4A8-BA1FA9B09813}"
EndProject
Project("{FAE04EC0-301F-11D3-BF4B-00C04F79EFBC}") = "Ayadi.IOS", "Ayadi.IOS\Ayadi.IOS.csproj", "{233856BF-C4E0-4E0D-8CA1-F6502C3BED57}"
EndProject
Project("{FAE04EC0-301F-11D3-BF4B-00C04F79EFBC}") = "Ayadi.Localization", "Ayadi.Localization\Ayadi.Localization.csproj", "{C2A02AFB-7CC1-4542-93CB-68573B045188}"
EndProject
Project("{FAE04EC0-301F-11D3-BF4B-00C04F79EFBC}") = "Ayadi.Droid", "Ayadi.Droid\Ayadi.Droid.csproj", "{E17FD9DC-6F37-48A3-8DB7-9ECA2EE31CB9}"
EndProject
Project("{FAE04EC0-301F-11D3-BF4B-00C04F79EFBC}") = "Tomoor.IOS", "Tomoor.IOS\Tomoor.IOS.csproj", "{C4F6CD81-9323-4E4C-BE14-F71B288FC408}"
EndProject
Global
	GlobalSection(SolutionConfigurationPlatforms) = preSolution
		Ad-Hoc|Any CPU = Ad-Hoc|Any CPU
		Ad-Hoc|iPhone = Ad-Hoc|iPhone
		Ad-Hoc|iPhoneSimulator = Ad-Hoc|iPhoneSimulator
		AppStore|Any CPU = AppStore|Any CPU
		AppStore|iPhone = AppStore|iPhone
		AppStore|iPhoneSimulator = AppStore|iPhoneSimulator
		Debug|Any CPU = Debug|Any CPU
		Debug|iPhone = Debug|iPhone
		Debug|iPhoneSimulator = Debug|iPhoneSimulator
		Release|Any CPU = Release|Any CPU
		Release|iPhone = Release|iPhone
		Release|iPhoneSimulator = Release|iPhoneSimulator
	EndGlobalSection
	GlobalSection(ProjectConfigurationPlatforms) = postSolution
		{58F842EF-E4C5-4265-A229-612218036204}.Ad-Hoc|Any CPU.ActiveCfg = Release|Any CPU
		{58F842EF-E4C5-4265-A229-612218036204}.Ad-Hoc|Any CPU.Build.0 = Release|Any CPU
		{58F842EF-E4C5-4265-A229-612218036204}.Ad-Hoc|iPhone.ActiveCfg = Release|Any CPU
		{58F842EF-E4C5-4265-A229-612218036204}.Ad-Hoc|iPhone.Build.0 = Release|Any CPU
		{58F842EF-E4C5-4265-A229-612218036204}.Ad-Hoc|iPhoneSimulator.ActiveCfg = Release|Any CPU
		{58F842EF-E4C5-4265-A229-612218036204}.Ad-Hoc|iPhoneSimulator.Build.0 = Release|Any CPU
		{58F842EF-E4C5-4265-A229-612218036204}.AppStore|Any CPU.ActiveCfg = Release|Any CPU
		{58F842EF-E4C5-4265-A229-612218036204}.AppStore|Any CPU.Build.0 = Release|Any CPU
		{58F842EF-E4C5-4265-A229-612218036204}.AppStore|iPhone.ActiveCfg = Release|Any CPU
		{58F842EF-E4C5-4265-A229-612218036204}.AppStore|iPhone.Build.0 = Release|Any CPU
		{58F842EF-E4C5-4265-A229-612218036204}.AppStore|iPhoneSimulator.ActiveCfg = Release|Any CPU
		{58F842EF-E4C5-4265-A229-612218036204}.AppStore|iPhoneSimulator.Build.0 = Release|Any CPU
		{58F842EF-E4C5-4265-A229-612218036204}.Debug|Any CPU.ActiveCfg = Debug|Any CPU
		{58F842EF-E4C5-4265-A229-612218036204}.Debug|Any CPU.Build.0 = Debug|Any CPU
		{58F842EF-E4C5-4265-A229-612218036204}.Debug|iPhone.ActiveCfg = Debug|Any CPU
		{58F842EF-E4C5-4265-A229-612218036204}.Debug|iPhone.Build.0 = Debug|Any CPU
		{58F842EF-E4C5-4265-A229-612218036204}.Debug|iPhoneSimulator.ActiveCfg = Debug|Any CPU
		{58F842EF-E4C5-4265-A229-612218036204}.Debug|iPhoneSimulator.Build.0 = Debug|Any CPU
		{58F842EF-E4C5-4265-A229-612218036204}.Release|Any CPU.ActiveCfg = Release|Any CPU
		{58F842EF-E4C5-4265-A229-612218036204}.Release|Any CPU.Build.0 = Release|Any CPU
		{58F842EF-E4C5-4265-A229-612218036204}.Release|iPhone.ActiveCfg = Release|Any CPU
		{58F842EF-E4C5-4265-A229-612218036204}.Release|iPhone.Build.0 = Release|Any CPU
		{58F842EF-E4C5-4265-A229-612218036204}.Release|iPhoneSimulator.ActiveCfg = Release|Any CPU
		{58F842EF-E4C5-4265-A229-612218036204}.Release|iPhoneSimulator.Build.0 = Release|Any CPU
		{BF3678AD-9FE9-4379-A4A8-BA1FA9B09813}.Ad-Hoc|Any CPU.ActiveCfg = Release|Any CPU
		{BF3678AD-9FE9-4379-A4A8-BA1FA9B09813}.Ad-Hoc|Any CPU.Build.0 = Release|Any CPU
		{BF3678AD-9FE9-4379-A4A8-BA1FA9B09813}.Ad-Hoc|Any CPU.Deploy.0 = Release|Any CPU
		{BF3678AD-9FE9-4379-A4A8-BA1FA9B09813}.Ad-Hoc|iPhone.ActiveCfg = Release|Any CPU
		{BF3678AD-9FE9-4379-A4A8-BA1FA9B09813}.Ad-Hoc|iPhone.Build.0 = Release|Any CPU
		{BF3678AD-9FE9-4379-A4A8-BA1FA9B09813}.Ad-Hoc|iPhone.Deploy.0 = Release|Any CPU
		{BF3678AD-9FE9-4379-A4A8-BA1FA9B09813}.Ad-Hoc|iPhoneSimulator.ActiveCfg = Release|Any CPU
		{BF3678AD-9FE9-4379-A4A8-BA1FA9B09813}.Ad-Hoc|iPhoneSimulator.Build.0 = Release|Any CPU
		{BF3678AD-9FE9-4379-A4A8-BA1FA9B09813}.Ad-Hoc|iPhoneSimulator.Deploy.0 = Release|Any CPU
		{BF3678AD-9FE9-4379-A4A8-BA1FA9B09813}.AppStore|Any CPU.ActiveCfg = Release|Any CPU
		{BF3678AD-9FE9-4379-A4A8-BA1FA9B09813}.AppStore|Any CPU.Build.0 = Release|Any CPU
		{BF3678AD-9FE9-4379-A4A8-BA1FA9B09813}.AppStore|Any CPU.Deploy.0 = Release|Any CPU
		{BF3678AD-9FE9-4379-A4A8-BA1FA9B09813}.AppStore|iPhone.ActiveCfg = Release|Any CPU
		{BF3678AD-9FE9-4379-A4A8-BA1FA9B09813}.AppStore|iPhone.Build.0 = Release|Any CPU
		{BF3678AD-9FE9-4379-A4A8-BA1FA9B09813}.AppStore|iPhone.Deploy.0 = Release|Any CPU
		{BF3678AD-9FE9-4379-A4A8-BA1FA9B09813}.AppStore|iPhoneSimulator.ActiveCfg = Release|Any CPU
		{BF3678AD-9FE9-4379-A4A8-BA1FA9B09813}.AppStore|iPhoneSimulator.Build.0 = Release|Any CPU
		{BF3678AD-9FE9-4379-A4A8-BA1FA9B09813}.AppStore|iPhoneSimulator.Deploy.0 = Release|Any CPU
		{BF3678AD-9FE9-4379-A4A8-BA1FA9B09813}.Debug|Any CPU.ActiveCfg = Debug|Any CPU
		{BF3678AD-9FE9-4379-A4A8-BA1FA9B09813}.Debug|Any CPU.Build.0 = Debug|Any CPU
		{BF3678AD-9FE9-4379-A4A8-BA1FA9B09813}.Debug|Any CPU.Deploy.0 = Debug|Any CPU
		{BF3678AD-9FE9-4379-A4A8-BA1FA9B09813}.Debug|iPhone.ActiveCfg = Debug|Any CPU
		{BF3678AD-9FE9-4379-A4A8-BA1FA9B09813}.Debug|iPhone.Build.0 = Debug|Any CPU
		{BF3678AD-9FE9-4379-A4A8-BA1FA9B09813}.Debug|iPhone.Deploy.0 = Debug|Any CPU
		{BF3678AD-9FE9-4379-A4A8-BA1FA9B09813}.Debug|iPhoneSimulator.ActiveCfg = Debug|Any CPU
		{BF3678AD-9FE9-4379-A4A8-BA1FA9B09813}.Debug|iPhoneSimulator.Build.0 = Debug|Any CPU
		{BF3678AD-9FE9-4379-A4A8-BA1FA9B09813}.Debug|iPhoneSimulator.Deploy.0 = Debug|Any CPU
		{BF3678AD-9FE9-4379-A4A8-BA1FA9B09813}.Release|Any CPU.ActiveCfg = Release|Any CPU
		{BF3678AD-9FE9-4379-A4A8-BA1FA9B09813}.Release|Any CPU.Build.0 = Release|Any CPU
		{BF3678AD-9FE9-4379-A4A8-BA1FA9B09813}.Release|Any CPU.Deploy.0 = Release|Any CPU
		{BF3678AD-9FE9-4379-A4A8-BA1FA9B09813}.Release|iPhone.ActiveCfg = Release|Any CPU
		{BF3678AD-9FE9-4379-A4A8-BA1FA9B09813}.Release|iPhone.Build.0 = Release|Any CPU
		{BF3678AD-9FE9-4379-A4A8-BA1FA9B09813}.Release|iPhone.Deploy.0 = Release|Any CPU
		{BF3678AD-9FE9-4379-A4A8-BA1FA9B09813}.Release|iPhoneSimulator.ActiveCfg = Release|Any CPU
		{BF3678AD-9FE9-4379-A4A8-BA1FA9B09813}.Release|iPhoneSimulator.Build.0 = Release|Any CPU
		{BF3678AD-9FE9-4379-A4A8-BA1FA9B09813}.Release|iPhoneSimulator.Deploy.0 = Release|Any CPU
		{233856BF-C4E0-4E0D-8CA1-F6502C3BED57}.Ad-Hoc|Any CPU.ActiveCfg = Ad-Hoc|iPhone
		{233856BF-C4E0-4E0D-8CA1-F6502C3BED57}.Ad-Hoc|iPhone.ActiveCfg = Ad-Hoc|iPhone
		{233856BF-C4E0-4E0D-8CA1-F6502C3BED57}.Ad-Hoc|iPhone.Build.0 = Ad-Hoc|iPhone
		{233856BF-C4E0-4E0D-8CA1-F6502C3BED57}.Ad-Hoc|iPhoneSimulator.ActiveCfg = Ad-Hoc|iPhoneSimulator
		{233856BF-C4E0-4E0D-8CA1-F6502C3BED57}.Ad-Hoc|iPhoneSimulator.Build.0 = Ad-Hoc|iPhoneSimulator
		{233856BF-C4E0-4E0D-8CA1-F6502C3BED57}.AppStore|Any CPU.ActiveCfg = AppStore|iPhone
		{233856BF-C4E0-4E0D-8CA1-F6502C3BED57}.AppStore|iPhone.ActiveCfg = AppStore|iPhone
		{233856BF-C4E0-4E0D-8CA1-F6502C3BED57}.AppStore|iPhone.Build.0 = AppStore|iPhone
		{233856BF-C4E0-4E0D-8CA1-F6502C3BED57}.AppStore|iPhoneSimulator.ActiveCfg = AppStore|iPhoneSimulator
		{233856BF-C4E0-4E0D-8CA1-F6502C3BED57}.AppStore|iPhoneSimulator.Build.0 = AppStore|iPhoneSimulator
		{233856BF-C4E0-4E0D-8CA1-F6502C3BED57}.Debug|Any CPU.ActiveCfg = Debug|iPhone
		{233856BF-C4E0-4E0D-8CA1-F6502C3BED57}.Debug|iPhone.ActiveCfg = Debug|iPhone
		{233856BF-C4E0-4E0D-8CA1-F6502C3BED57}.Debug|iPhone.Build.0 = Debug|iPhone
		{233856BF-C4E0-4E0D-8CA1-F6502C3BED57}.Debug|iPhoneSimulator.ActiveCfg = Debug|iPhoneSimulator
		{233856BF-C4E0-4E0D-8CA1-F6502C3BED57}.Debug|iPhoneSimulator.Build.0 = Debug|iPhoneSimulator
		{233856BF-C4E0-4E0D-8CA1-F6502C3BED57}.Release|Any CPU.ActiveCfg = Release|iPhone
		{233856BF-C4E0-4E0D-8CA1-F6502C3BED57}.Release|iPhone.ActiveCfg = Release|iPhone
		{233856BF-C4E0-4E0D-8CA1-F6502C3BED57}.Release|iPhone.Build.0 = Release|iPhone
		{233856BF-C4E0-4E0D-8CA1-F6502C3BED57}.Release|iPhoneSimulator.ActiveCfg = Release|iPhoneSimulator
		{233856BF-C4E0-4E0D-8CA1-F6502C3BED57}.Release|iPhoneSimulator.Build.0 = Release|iPhoneSimulator
		{C2A02AFB-7CC1-4542-93CB-68573B045188}.Ad-Hoc|Any CPU.ActiveCfg = Release|Any CPU
		{C2A02AFB-7CC1-4542-93CB-68573B045188}.Ad-Hoc|Any CPU.Build.0 = Release|Any CPU
		{C2A02AFB-7CC1-4542-93CB-68573B045188}.Ad-Hoc|iPhone.ActiveCfg = Release|Any CPU
		{C2A02AFB-7CC1-4542-93CB-68573B045188}.Ad-Hoc|iPhone.Build.0 = Release|Any CPU
		{C2A02AFB-7CC1-4542-93CB-68573B045188}.Ad-Hoc|iPhoneSimulator.ActiveCfg = Release|Any CPU
		{C2A02AFB-7CC1-4542-93CB-68573B045188}.Ad-Hoc|iPhoneSimulator.Build.0 = Release|Any CPU
		{C2A02AFB-7CC1-4542-93CB-68573B045188}.AppStore|Any CPU.ActiveCfg = Release|Any CPU
		{C2A02AFB-7CC1-4542-93CB-68573B045188}.AppStore|Any CPU.Build.0 = Release|Any CPU
		{C2A02AFB-7CC1-4542-93CB-68573B045188}.AppStore|iPhone.ActiveCfg = Release|Any CPU
		{C2A02AFB-7CC1-4542-93CB-68573B045188}.AppStore|iPhone.Build.0 = Release|Any CPU
		{C2A02AFB-7CC1-4542-93CB-68573B045188}.AppStore|iPhoneSimulator.ActiveCfg = Release|Any CPU
		{C2A02AFB-7CC1-4542-93CB-68573B045188}.AppStore|iPhoneSimulator.Build.0 = Release|Any CPU
		{C2A02AFB-7CC1-4542-93CB-68573B045188}.Debug|Any CPU.ActiveCfg = Debug|Any CPU
		{C2A02AFB-7CC1-4542-93CB-68573B045188}.Debug|Any CPU.Build.0 = Debug|Any CPU
		{C2A02AFB-7CC1-4542-93CB-68573B045188}.Debug|iPhone.ActiveCfg = Debug|Any CPU
		{C2A02AFB-7CC1-4542-93CB-68573B045188}.Debug|iPhone.Build.0 = Debug|Any CPU
		{C2A02AFB-7CC1-4542-93CB-68573B045188}.Debug|iPhoneSimulator.ActiveCfg = Debug|Any CPU
		{C2A02AFB-7CC1-4542-93CB-68573B045188}.Debug|iPhoneSimulator.Build.0 = Debug|Any CPU
		{C2A02AFB-7CC1-4542-93CB-68573B045188}.Release|Any CPU.ActiveCfg = Release|Any CPU
		{C2A02AFB-7CC1-4542-93CB-68573B045188}.Release|Any CPU.Build.0 = Release|Any CPU
		{C2A02AFB-7CC1-4542-93CB-68573B045188}.Release|iPhone.ActiveCfg = Release|Any CPU
		{C2A02AFB-7CC1-4542-93CB-68573B045188}.Release|iPhone.Build.0 = Release|Any CPU
		{C2A02AFB-7CC1-4542-93CB-68573B045188}.Release|iPhoneSimulator.ActiveCfg = Release|Any CPU
		{C2A02AFB-7CC1-4542-93CB-68573B045188}.Release|iPhoneSimulator.Build.0 = Release|Any CPU
		{E17FD9DC-6F37-48A3-8DB7-9ECA2EE31CB9}.Ad-Hoc|Any CPU.ActiveCfg = Release|Any CPU
		{E17FD9DC-6F37-48A3-8DB7-9ECA2EE31CB9}.Ad-Hoc|Any CPU.Build.0 = Release|Any CPU
		{E17FD9DC-6F37-48A3-8DB7-9ECA2EE31CB9}.Ad-Hoc|Any CPU.Deploy.0 = Release|Any CPU
		{E17FD9DC-6F37-48A3-8DB7-9ECA2EE31CB9}.Ad-Hoc|iPhone.ActiveCfg = Release|Any CPU
		{E17FD9DC-6F37-48A3-8DB7-9ECA2EE31CB9}.Ad-Hoc|iPhone.Build.0 = Release|Any CPU
		{E17FD9DC-6F37-48A3-8DB7-9ECA2EE31CB9}.Ad-Hoc|iPhone.Deploy.0 = Release|Any CPU
		{E17FD9DC-6F37-48A3-8DB7-9ECA2EE31CB9}.Ad-Hoc|iPhoneSimulator.ActiveCfg = Release|Any CPU
		{E17FD9DC-6F37-48A3-8DB7-9ECA2EE31CB9}.Ad-Hoc|iPhoneSimulator.Build.0 = Release|Any CPU
		{E17FD9DC-6F37-48A3-8DB7-9ECA2EE31CB9}.Ad-Hoc|iPhoneSimulator.Deploy.0 = Release|Any CPU
		{E17FD9DC-6F37-48A3-8DB7-9ECA2EE31CB9}.AppStore|Any CPU.ActiveCfg = Release|Any CPU
		{E17FD9DC-6F37-48A3-8DB7-9ECA2EE31CB9}.AppStore|Any CPU.Build.0 = Release|Any CPU
		{E17FD9DC-6F37-48A3-8DB7-9ECA2EE31CB9}.AppStore|Any CPU.Deploy.0 = Release|Any CPU
		{E17FD9DC-6F37-48A3-8DB7-9ECA2EE31CB9}.AppStore|iPhone.ActiveCfg = Release|Any CPU
		{E17FD9DC-6F37-48A3-8DB7-9ECA2EE31CB9}.AppStore|iPhone.Build.0 = Release|Any CPU
		{E17FD9DC-6F37-48A3-8DB7-9ECA2EE31CB9}.AppStore|iPhone.Deploy.0 = Release|Any CPU
		{E17FD9DC-6F37-48A3-8DB7-9ECA2EE31CB9}.AppStore|iPhoneSimulator.ActiveCfg = Release|Any CPU
		{E17FD9DC-6F37-48A3-8DB7-9ECA2EE31CB9}.AppStore|iPhoneSimulator.Build.0 = Release|Any CPU
		{E17FD9DC-6F37-48A3-8DB7-9ECA2EE31CB9}.AppStore|iPhoneSimulator.Deploy.0 = Release|Any CPU
		{E17FD9DC-6F37-48A3-8DB7-9ECA2EE31CB9}.Debug|Any CPU.ActiveCfg = Debug|Any CPU
		{E17FD9DC-6F37-48A3-8DB7-9ECA2EE31CB9}.Debug|Any CPU.Build.0 = Debug|Any CPU
		{E17FD9DC-6F37-48A3-8DB7-9ECA2EE31CB9}.Debug|Any CPU.Deploy.0 = Debug|Any CPU
		{E17FD9DC-6F37-48A3-8DB7-9ECA2EE31CB9}.Debug|iPhone.ActiveCfg = Debug|Any CPU
		{E17FD9DC-6F37-48A3-8DB7-9ECA2EE31CB9}.Debug|iPhone.Build.0 = Debug|Any CPU
		{E17FD9DC-6F37-48A3-8DB7-9ECA2EE31CB9}.Debug|iPhone.Deploy.0 = Debug|Any CPU
		{E17FD9DC-6F37-48A3-8DB7-9ECA2EE31CB9}.Debug|iPhoneSimulator.ActiveCfg = Debug|Any CPU
		{E17FD9DC-6F37-48A3-8DB7-9ECA2EE31CB9}.Debug|iPhoneSimulator.Build.0 = Debug|Any CPU
		{E17FD9DC-6F37-48A3-8DB7-9ECA2EE31CB9}.Debug|iPhoneSimulator.Deploy.0 = Debug|Any CPU
		{E17FD9DC-6F37-48A3-8DB7-9ECA2EE31CB9}.Release|Any CPU.ActiveCfg = Release|Any CPU
		{E17FD9DC-6F37-48A3-8DB7-9ECA2EE31CB9}.Release|Any CPU.Build.0 = Release|Any CPU
		{E17FD9DC-6F37-48A3-8DB7-9ECA2EE31CB9}.Release|Any CPU.Deploy.0 = Release|Any CPU
		{E17FD9DC-6F37-48A3-8DB7-9ECA2EE31CB9}.Release|iPhone.ActiveCfg = Release|Any CPU
		{E17FD9DC-6F37-48A3-8DB7-9ECA2EE31CB9}.Release|iPhone.Build.0 = Release|Any CPU
		{E17FD9DC-6F37-48A3-8DB7-9ECA2EE31CB9}.Release|iPhone.Deploy.0 = Release|Any CPU
		{E17FD9DC-6F37-48A3-8DB7-9ECA2EE31CB9}.Release|iPhoneSimulator.ActiveCfg = Release|Any CPU
		{E17FD9DC-6F37-48A3-8DB7-9ECA2EE31CB9}.Release|iPhoneSimulator.Build.0 = Release|Any CPU
		{E17FD9DC-6F37-48A3-8DB7-9ECA2EE31CB9}.Release|iPhoneSimulator.Deploy.0 = Release|Any CPU
		{C4F6CD81-9323-4E4C-BE14-F71B288FC408}.Ad-Hoc|Any CPU.ActiveCfg = Ad-Hoc|iPhone
		{C4F6CD81-9323-4E4C-BE14-F71B288FC408}.Ad-Hoc|iPhone.ActiveCfg = Ad-Hoc|iPhone
		{C4F6CD81-9323-4E4C-BE14-F71B288FC408}.Ad-Hoc|iPhone.Build.0 = Ad-Hoc|iPhone
		{C4F6CD81-9323-4E4C-BE14-F71B288FC408}.Ad-Hoc|iPhoneSimulator.ActiveCfg = Ad-Hoc|iPhoneSimulator
		{C4F6CD81-9323-4E4C-BE14-F71B288FC408}.Ad-Hoc|iPhoneSimulator.Build.0 = Ad-Hoc|iPhoneSimulator
		{C4F6CD81-9323-4E4C-BE14-F71B288FC408}.AppStore|Any CPU.ActiveCfg = AppStore|iPhone
		{C4F6CD81-9323-4E4C-BE14-F71B288FC408}.AppStore|iPhone.ActiveCfg = AppStore|iPhone
		{C4F6CD81-9323-4E4C-BE14-F71B288FC408}.AppStore|iPhone.Build.0 = AppStore|iPhone
		{C4F6CD81-9323-4E4C-BE14-F71B288FC408}.AppStore|iPhoneSimulator.ActiveCfg = AppStore|iPhoneSimulator
		{C4F6CD81-9323-4E4C-BE14-F71B288FC408}.AppStore|iPhoneSimulator.Build.0 = AppStore|iPhoneSimulator
		{C4F6CD81-9323-4E4C-BE14-F71B288FC408}.Debug|Any CPU.ActiveCfg = Debug|iPhone
		{C4F6CD81-9323-4E4C-BE14-F71B288FC408}.Debug|iPhone.ActiveCfg = Debug|iPhone
		{C4F6CD81-9323-4E4C-BE14-F71B288FC408}.Debug|iPhone.Build.0 = Debug|iPhone
		{C4F6CD81-9323-4E4C-BE14-F71B288FC408}.Debug|iPhoneSimulator.ActiveCfg = Debug|iPhoneSimulator
		{C4F6CD81-9323-4E4C-BE14-F71B288FC408}.Debug|iPhoneSimulator.Build.0 = Debug|iPhoneSimulator
		{C4F6CD81-9323-4E4C-BE14-F71B288FC408}.Release|Any CPU.ActiveCfg = Release|iPhone
		{C4F6CD81-9323-4E4C-BE14-F71B288FC408}.Release|iPhone.ActiveCfg = Release|iPhone
		{C4F6CD81-9323-4E4C-BE14-F71B288FC408}.Release|iPhone.Build.0 = Release|iPhone
		{C4F6CD81-9323-4E4C-BE14-F71B288FC408}.Release|iPhoneSimulator.ActiveCfg = Release|iPhoneSimulator
		{C4F6CD81-9323-4E4C-BE14-F71B288FC408}.Release|iPhoneSimulator.Build.0 = Release|iPhoneSimulator
	EndGlobalSection
	GlobalSection(SolutionProperties) = preSolution
		HideSolutionNode = FALSE
	EndGlobalSection
EndGlobal
